// !$*UTF8*$!
{
	archiveVersion = 1;
	classes = {
	};
	objectVersion = 46;
	objects = {

/* Begin PBXBuildFile section */
		931EAD4A198EAF3000E03BC8 /* Foundation.framework in Frameworks */ = {isa = PBXBuildFile; fileRef = 931EAD49198EAF3000E03BC8 /* Foundation.framework */; };
		931EAD4C198EAF3000E03BC8 /* CoreGraphics.framework in Frameworks */ = {isa = PBXBuildFile; fileRef = 931EAD4B198EAF3000E03BC8 /* CoreGraphics.framework */; };
		931EAD4E198EAF3000E03BC8 /* UIKit.framework in Frameworks */ = {isa = PBXBuildFile; fileRef = 931EAD4D198EAF3000E03BC8 /* UIKit.framework */; };
		931EAD54198EAF3000E03BC8 /* InfoPlist.strings in Resources */ = {isa = PBXBuildFile; fileRef = 931EAD52198EAF3000E03BC8 /* InfoPlist.strings */; };
		931EAD56198EAF3000E03BC8 /* main.m in Sources */ = {isa = PBXBuildFile; fileRef = 931EAD55198EAF3000E03BC8 /* main.m */; };
		931EAD5A198EAF3000E03BC8 /* PLLAppDelegate.m in Sources */ = {isa = PBXBuildFile; fileRef = 931EAD59198EAF3000E03BC8 /* PLLAppDelegate.m */; };
		931EAD5D198EAF3000E03BC8 /* Main.storyboard in Resources */ = {isa = PBXBuildFile; fileRef = 931EAD5B198EAF3000E03BC8 /* Main.storyboard */; };
		931EAD60198EAF3000E03BC8 /* PLLViewController.m in Sources */ = {isa = PBXBuildFile; fileRef = 931EAD5F198EAF3000E03BC8 /* PLLViewController.m */; };
		931EAD62198EAF3000E03BC8 /* Images.xcassets in Resources */ = {isa = PBXBuildFile; fileRef = 931EAD61198EAF3000E03BC8 /* Images.xcassets */; };
		931EAD69198EAF3000E03BC8 /* XCTest.framework in Frameworks */ = {isa = PBXBuildFile; fileRef = 931EAD68198EAF3000E03BC8 /* XCTest.framework */; };
		931EAD6A198EAF3000E03BC8 /* Foundation.framework in Frameworks */ = {isa = PBXBuildFile; fileRef = 931EAD49198EAF3000E03BC8 /* Foundation.framework */; };
		931EAD6B198EAF3000E03BC8 /* UIKit.framework in Frameworks */ = {isa = PBXBuildFile; fileRef = 931EAD4D198EAF3000E03BC8 /* UIKit.framework */; };
		931EAD73198EAF3000E03BC8 /* InfoPlist.strings in Resources */ = {isa = PBXBuildFile; fileRef = 931EAD71198EAF3000E03BC8 /* InfoPlist.strings */; };
		931EAD75198EAF3000E03BC8 /* DemoForCircleImageViewTests.m in Sources */ = {isa = PBXBuildFile; fileRef = 931EAD74198EAF3000E03BC8 /* DemoForCircleImageViewTests.m */; };
		931EAD81198EAFA900E03BC8 /* PLLCircleImageView.m in Sources */ = {isa = PBXBuildFile; fileRef = 931EAD80198EAFA900E03BC8 /* PLLCircleImageView.m */; };
		931EAD84198EB0B500E03BC8 /* poolo.png in Resources */ = {isa = PBXBuildFile; fileRef = 931EAD83198EB0B500E03BC8 /* poolo.png */; };
/* End PBXBuildFile section */

/* Begin PBXContainerItemProxy section */
		931EAD6C198EAF3000E03BC8 /* PBXContainerItemProxy */ = {
			isa = PBXContainerItemProxy;
			containerPortal = 931EAD3E198EAF3000E03BC8 /* Project object */;
			proxyType = 1;
			remoteGlobalIDString = 931EAD45198EAF3000E03BC8;
			remoteInfo = DemoForCircleImageView;
		};
/* End PBXContainerItemProxy section */

/* Begin PBXFileReference section */
		931EAD46198EAF3000E03BC8 /* DemoForCircleImageView.app */ = {isa = PBXFileReference; explicitFileType = wrapper.application; includeInIndex = 0; path = DemoForCircleImageView.app; sourceTree = BUILT_PRODUCTS_DIR; };
		931EAD49198EAF3000E03BC8 /* Foundation.framework */ = {isa = PBXFileReference; lastKnownFileType = wrapper.framework; name = Foundation.framework; path = System/Library/Frameworks/Foundation.framework; sourceTree = SDKROOT; };
		931EAD4B198EAF3000E03BC8 /* CoreGraphics.framework */ = {isa = PBXFileReference; lastKnownFileType = wrapper.framework; name = CoreGraphics.framework; path = System/Library/Frameworks/CoreGraphics.framework; sourceTree = SDKROOT; };
		931EAD4D198EAF3000E03BC8 /* UIKit.framework */ = {isa = PBXFileReference; lastKnownFileType = wrapper.framework; name = UIKit.framework; path = System/Library/Frameworks/UIKit.framework; sourceTree = SDKROOT; };
		931EAD51198EAF3000E03BC8 /* DemoForCircleImageView-Info.plist */ = {isa = PBXFileReference; lastKnownFileType = text.plist.xml; path = "DemoForCircleImageView-Info.plist"; sourceTree = "<group>"; };
		931EAD53198EAF3000E03BC8 /* en */ = {isa = PBXFileReference; lastKnownFileType = text.plist.strings; name = en; path = en.lproj/InfoPlist.strings; sourceTree = "<group>"; };
		931EAD55198EAF3000E03BC8 /* main.m */ = {isa = PBXFileReference; lastKnownFileType = sourcecode.c.objc; path = main.m; sourceTree = "<group>"; };
		931EAD57198EAF3000E03BC8 /* DemoForCircleImageView-Prefix.pch */ = {isa = PBXFileReference; lastKnownFileType = sourcecode.c.h; path = "DemoForCircleImageView-Prefix.pch"; sourceTree = "<group>"; };
		931EAD58198EAF3000E03BC8 /* PLLAppDelegate.h */ = {isa = PBXFileReference; lastKnownFileType = sourcecode.c.h; path = PLLAppDelegate.h; sourceTree = "<group>"; };
		931EAD59198EAF3000E03BC8 /* PLLAppDelegate.m */ = {isa = PBXFileReference; lastKnownFileType = sourcecode.c.objc; path = PLLAppDelegate.m; sourceTree = "<group>"; };
		931EAD5C198EAF3000E03BC8 /* Base */ = {isa = PBXFileReference; lastKnownFileType = file.storyboard; name = Base; path = Base.lproj/Main.storyboard; sourceTree = "<group>"; };
		931EAD5E198EAF3000E03BC8 /* PLLViewController.h */ = {isa = PBXFileReference; lastKnownFileType = sourcecode.c.h; path = PLLViewController.h; sourceTree = "<group>"; };
		931EAD5F198EAF3000E03BC8 /* PLLViewController.m */ = {isa = PBXFileReference; lastKnownFileType = sourcecode.c.objc; path = PLLViewController.m; sourceTree = "<group>"; };
		931EAD61198EAF3000E03BC8 /* Images.xcassets */ = {isa = PBXFileReference; lastKnownFileType = folder.assetcatalog; path = Images.xcassets; sourceTree = "<group>"; };
		931EAD67198EAF3000E03BC8 /* DemoForCircleImageViewTests.xctest */ = {isa = PBXFileReference; explicitFileType = wrapper.cfbundle; includeInIndex = 0; path = DemoForCircleImageViewTests.xctest; sourceTree = BUILT_PRODUCTS_DIR; };
		931EAD68198EAF3000E03BC8 /* XCTest.framework */ = {isa = PBXFileReference; lastKnownFileType = wrapper.framework; name = XCTest.framework; path = Library/Frameworks/XCTest.framework; sourceTree = DEVELOPER_DIR; };
		931EAD70198EAF3000E03BC8 /* DemoForCircleImageViewTests-Info.plist */ = {isa = PBXFileReference; lastKnownFileType = text.plist.xml; path = "DemoForCircleImageViewTests-Info.plist"; sourceTree = "<group>"; };
		931EAD72198EAF3000E03BC8 /* en */ = {isa = PBXFileReference; lastKnownFileType = text.plist.strings; name = en; path = en.lproj/InfoPlist.strings; sourceTree = "<group>"; };
		931EAD74198EAF3000E03BC8 /* DemoForCircleImageViewTests.m */ = {isa = PBXFileReference; lastKnownFileType = sourcecode.c.objc; path = DemoForCircleImageViewTests.m; sourceTree = "<group>"; };
		931EAD7F198EAFA900E03BC8 /* PLLCircleImageView.h */ = {isa = PBXFileReference; fileEncoding = 4; lastKnownFileType = sourcecode.c.h; name = PLLCircleImageView.h; path = PLLCircelImageView/PLLCircleImageView.h; sourceTree = "<group>"; };
		931EAD80198EAFA900E03BC8 /* PLLCircleImageView.m */ = {isa = PBXFileReference; fileEncoding = 4; lastKnownFileType = sourcecode.c.objc; name = PLLCircleImageView.m; path = PLLCircelImageView/PLLCircleImageView.m; sourceTree = "<group>"; };
		931EAD83198EB0B500E03BC8 /* poolo.png */ = {isa = PBXFileReference; lastKnownFileType = image.png; path = poolo.png; sourceTree = "<group>"; };
/* End PBXFileReference section */

/* Begin PBXFrameworksBuildPhase section */
		931EAD43198EAF3000E03BC8 /* Frameworks */ = {
			isa = PBXFrameworksBuildPhase;
			buildActionMask = 2147483647;
			files = (
				931EAD4C198EAF3000E03BC8 /* CoreGraphics.framework in Frameworks */,
				931EAD4E198EAF3000E03BC8 /* UIKit.framework in Frameworks */,
				931EAD4A198EAF3000E03BC8 /* Foundation.framework in Frameworks */,
			);
			runOnlyForDeploymentPostprocessing = 0;
		};
		931EAD64198EAF3000E03BC8 /* Frameworks */ = {
			isa = PBXFrameworksBuildPhase;
			buildActionMask = 2147483647;
			files = (
				931EAD69198EAF3000E03BC8 /* XCTest.framework in Frameworks */,
				931EAD6B198EAF3000E03BC8 /* UIKit.framework in Frameworks */,
				931EAD6A198EAF3000E03BC8 /* Foundation.framework in Frameworks */,
			);
			runOnlyForDeploymentPostprocessing = 0;
		};
/* End PBXFrameworksBuildPhase section */

/* Begin PBXGroup section */
		931EAD3D198EAF3000E03BC8 = {
			isa = PBXGroup;
			children = (
				931EAD4F198EAF3000E03BC8 /* DemoForCircleImageView */,
				931EAD6E198EAF3000E03BC8 /* DemoForCircleImageViewTests */,
				931EAD48198EAF3000E03BC8 /* Frameworks */,
				931EAD47198EAF3000E03BC8 /* Products */,
			);
			sourceTree = "<group>";
		};
		931EAD47198EAF3000E03BC8 /* Products */ = {
			isa = PBXGroup;
			children = (
				931EAD46198EAF3000E03BC8 /* DemoForCircleImageView.app */,
				931EAD67198EAF3000E03BC8 /* DemoForCircleImageViewTests.xctest */,
			);
			name = Products;
			sourceTree = "<group>";
		};
		931EAD48198EAF3000E03BC8 /* Frameworks */ = {
			isa = PBXGroup;
			children = (
				931EAD49198EAF3000E03BC8 /* Foundation.framework */,
				931EAD4B198EAF3000E03BC8 /* CoreGraphics.framework */,
				931EAD4D198EAF3000E03BC8 /* UIKit.framework */,
				931EAD68198EAF3000E03BC8 /* XCTest.framework */,
			);
			name = Frameworks;
			sourceTree = "<group>";
		};
		931EAD4F198EAF3000E03BC8 /* DemoForCircleImageView */ = {
			isa = PBXGroup;
			children = (
				931EAD83198EB0B500E03BC8 /* poolo.png */,
				931EAD7E198EAF6600E03BC8 /* PLLCircleImageView */,
				931EAD58198EAF3000E03BC8 /* PLLAppDelegate.h */,
				931EAD59198EAF3000E03BC8 /* PLLAppDelegate.m */,
				931EAD5B198EAF3000E03BC8 /* Main.storyboard */,
				931EAD5E198EAF3000E03BC8 /* PLLViewController.h */,
				931EAD5F198EAF3000E03BC8 /* PLLViewController.m */,
				931EAD61198EAF3000E03BC8 /* Images.xcassets */,
				931EAD50198EAF3000E03BC8 /* Supporting Files */,
			);
			path = DemoForCircleImageView;
			sourceTree = "<group>";
		};
		931EAD50198EAF3000E03BC8 /* Supporting Files */ = {
			isa = PBXGroup;
			children = (
				931EAD51198EAF3000E03BC8 /* DemoForCircleImageView-Info.plist */,
				931EAD52198EAF3000E03BC8 /* InfoPlist.strings */,
				931EAD55198EAF3000E03BC8 /* main.m */,
				931EAD57198EAF3000E03BC8 /* DemoForCircleImageView-Prefix.pch */,
			);
			name = "Supporting Files";
			sourceTree = "<group>";
		};
		931EAD6E198EAF3000E03BC8 /* DemoForCircleImageViewTests */ = {
			isa = PBXGroup;
			children = (
				931EAD74198EAF3000E03BC8 /* DemoForCircleImageViewTests.m */,
				931EAD6F198EAF3000E03BC8 /* Supporting Files */,
			);
			path = DemoForCircleImageViewTests;
			sourceTree = "<group>";
		};
		931EAD6F198EAF3000E03BC8 /* Supporting Files */ = {
			isa = PBXGroup;
			children = (
				931EAD70198EAF3000E03BC8 /* DemoForCircleImageViewTests-Info.plist */,
				931EAD71198EAF3000E03BC8 /* InfoPlist.strings */,
			);
			name = "Supporting Files";
			sourceTree = "<group>";
		};
		931EAD7E198EAF6600E03BC8 /* PLLCircleImageView */ = {
			isa = PBXGroup;
			children = (
				931EAD7F198EAFA900E03BC8 /* PLLCircleImageView.h */,
				931EAD80198EAFA900E03BC8 /* PLLCircleImageView.m */,
			);
			name = PLLCircleImageView;
			sourceTree = "<group>";
		};
/* End PBXGroup section */

/* Begin PBXNativeTarget section */
		931EAD45198EAF3000E03BC8 /* DemoForCircleImageView */ = {
			isa = PBXNativeTarget;
			buildConfigurationList = 931EAD78198EAF3000E03BC8 /* Build configuration list for PBXNativeTarget "DemoForCircleImageView" */;
			buildPhases = (
				931EAD42198EAF3000E03BC8 /* Sources */,
				931EAD43198EAF3000E03BC8 /* Frameworks */,
				931EAD44198EAF3000E03BC8 /* Resources */,
			);
			buildRules = (
			);
			dependencies = (
			);
			name = DemoForCircleImageView;
			productName = DemoForCircleImageView;
			productReference = 931EAD46198EAF3000E03BC8 /* DemoForCircleImageView.app */;
			productType = "com.apple.product-type.application";
		};
		931EAD66198EAF3000E03BC8 /* DemoForCircleImageViewTests */ = {
			isa = PBXNativeTarget;
			buildConfigurationList = 931EAD7B198EAF3000E03BC8 /* Build configuration list for PBXNativeTarget "DemoForCircleImageViewTests" */;
			buildPhases = (
				931EAD63198EAF3000E03BC8 /* Sources */,
				931EAD64198EAF3000E03BC8 /* Frameworks */,
				931EAD65198EAF3000E03BC8 /* Resources */,
			);
			buildRules = (
			);
			dependencies = (
				931EAD6D198EAF3000E03BC8 /* PBXTargetDependency */,
			);
			name = DemoForCircleImageViewTests;
			productName = DemoForCircleImageViewTests;
			productReference = 931EAD67198EAF3000E03BC8 /* DemoForCircleImageViewTests.xctest */;
			productType = "com.apple.product-type.bundle.unit-test";
		};
/* End PBXNativeTarget section */

/* Begin PBXProject section */
		931EAD3E198EAF3000E03BC8 /* Project object */ = {
			isa = PBXProject;
			attributes = {
				CLASSPREFIX = PLL;
				LastUpgradeCheck = 0510;
				ORGANIZATIONNAME = "liu poolo";
				TargetAttributes = {
					931EAD66198EAF3000E03BC8 = {
						TestTargetID = 931EAD45198EAF3000E03BC8;
					};
				};
			};
			buildConfigurationList = 931EAD41198EAF3000E03BC8 /* Build configuration list for PBXProject "DemoForCircleImageView" */;
			compatibilityVersion = "Xcode 3.2";
			developmentRegion = English;
			hasScannedForEncodings = 0;
			knownRegions = (
				en,
				Base,
			);
			mainGroup = 931EAD3D198EAF3000E03BC8;
			productRefGroup = 931EAD47198EAF3000E03BC8 /* Products */;
			projectDirPath = "";
			projectRoot = "";
			targets = (
				931EAD45198EAF3000E03BC8 /* DemoForCircleImageView */,
				931EAD66198EAF3000E03BC8 /* DemoForCircleImageViewTests */,
			);
		};
/* End PBXProject section */

/* Begin PBXResourcesBuildPhase section */
		931EAD44198EAF3000E03BC8 /* Resources */ = {
			isa = PBXResourcesBuildPhase;
			buildActionMask = 2147483647;
			files = (
				931EAD62198EAF3000E03BC8 /* Images.xcassets in Resources */,
				931EAD84198EB0B500E03BC8 /* poolo.png in Resources */,
				931EAD54198EAF3000E03BC8 /* InfoPlist.strings in Resources */,
				931EAD5D198EAF3000E03BC8 /* Main.storyboard in Resources */,
			);
			runOnlyForDeploymentPostprocessing = 0;
		};
		931EAD65198EAF3000E03BC8 /* Resources */ = {
			isa = PBXResourcesBuildPhase;
			buildActionMask = 2147483647;
			files = (
				931EAD73198EAF3000E03BC8 /* InfoPlist.strings in Resources */,
			);
			runOnlyForDeploymentPostprocessing = 0;
		};
/* End PBXResourcesBuildPhase section */

/* Begin PBXSourcesBuildPhase section */
		931EAD42198EAF3000E03BC8 /* Sources */ = {
			isa = PBXSourcesBuildPhase;
			buildActionMask = 2147483647;
			files = (
				931EAD56198EAF3000E03BC8 /* main.m in Sources */,
				931EAD60198EAF3000E03BC8 /* PLLViewController.m in Sources */,
				931EAD5A198EAF3000E03BC8 /* PLLAppDelegate.m in Sources */,
				931EAD81198EAFA900E03BC8 /* PLLCircleImageView.m in Sources */,
			);
			runOnlyForDeploymentPostprocessing = 0;
		};
		931EAD63198EAF3000E03BC8 /* Sources */ = {
			isa = PBXSourcesBuildPhase;
			buildActionMask = 2147483647;
			files = (
				931EAD75198EAF3000E03BC8 /* DemoForCircleImageViewTests.m in Sources */,
			);
			runOnlyForDeploymentPostprocessing = 0;
		};
/* End PBXSourcesBuildPhase section */

/* Begin PBXTargetDependency section */
		931EAD6D198EAF3000E03BC8 /* PBXTargetDependency */ = {
			isa = PBXTargetDependency;
			target = 931EAD45198EAF3000E03BC8 /* DemoForCircleImageView */;
			targetProxy = 931EAD6C198EAF3000E03BC8 /* PBXContainerItemProxy */;
		};
/* End PBXTargetDependency section */

/* Begin PBXVariantGroup section */
		931EAD52198EAF3000E03BC8 /* InfoPlist.strings */ = {
			isa = PBXVariantGroup;
			children = (
				931EAD53198EAF3000E03BC8 /* en */,
			);
			name = InfoPlist.strings;
			sourceTree = "<group>";
		};
		931EAD5B198EAF3000E03BC8 /* Main.storyboard */ = {
			isa = PBXVariantGroup;
			children = (
				931EAD5C198EAF3000E03BC8 /* Base */,
			);
			name = Main.storyboard;
			sourceTree = "<group>";
		};
		931EAD71198EAF3000E03BC8 /* InfoPlist.strings */ = {
			isa = PBXVariantGroup;
			children = (
				931EAD72198EAF3000E03BC8 /* en */,
			);
			name = InfoPlist.strings;
			sourceTree = "<group>";
		};
/* End PBXVariantGroup section */

/* Begin XCBuildConfiguration section */
		931EAD76198EAF3000E03BC8 /* Debug */ = {
			isa = XCBuildConfiguration;
			buildSettings = {
				ALWAYS_SEARCH_USER_PATHS = NO;
				CLANG_CXX_LANGUAGE_STANDARD = "gnu++0x";
				CLANG_CXX_LIBRARY = "libc++";
				CLANG_ENABLE_MODULES = YES;
				CLANG_ENABLE_OBJC_ARC = YES;
				CLANG_WARN_BOOL_CONVERSION = YES;
				CLANG_WARN_CONSTANT_CONVERSION = YES;
				CLANG_WARN_DIRECT_OBJC_ISA_USAGE = YES_ERROR;
				CLANG_WARN_EMPTY_BODY = YES;
				CLANG_WARN_ENUM_CONVERSION = YES;
				CLANG_WARN_INT_CONVERSION = YES;
				CLANG_WARN_OBJC_ROOT_CLASS = YES_ERROR;
				CLANG_WARN__DUPLICATE_METHOD_MATCH = YES;
				"CODE_SIGN_IDENTITY[sdk=iphoneos*]" = "iPhone Developer";
				COPY_PHASE_STRIP = NO;
				GCC_C_LANGUAGE_STANDARD = gnu99;
				GCC_DYNAMIC_NO_PIC = NO;
				GCC_OPTIMIZATION_LEVEL = 0;
				GCC_PREPROCESSOR_DEFINITIONS = (
					"DEBUG=1",
					"$(inherited)",
				);
				GCC_SYMBOLS_PRIVATE_EXTERN = NO;
				GCC_WARN_64_TO_32_BIT_CONVERSION = YES;
				GCC_WARN_ABOUT_RETURN_TYPE = YES_ERROR;
				GCC_WARN_UNDECLARED_SELECTOR = YES;
				GCC_WARN_UNINITIALIZED_AUTOS = YES_AGGRESSIVE;
				GCC_WARN_UNUSED_FUNCTION = YES;
				GCC_WARN_UNUSED_VARIABLE = YES;
				IPHONEOS_DEPLOYMENT_TARGET = 7.1;
				ONLY_ACTIVE_ARCH = YES;
				SDKROOT = iphoneos;
			};
			name = Debug;
		};
		931EAD77198EAF3000E03BC8 /* Release */ = {
			isa = XCBuildConfiguration;
			buildSettings = {
				ALWAYS_SEARCH_USER_PATHS = NO;
				CLANG_CXX_LANGUAGE_STANDARD = "gnu++0x";
				CLANG_CXX_LIBRARY = "libc++";
				CLANG_ENABLE_MODULES = YES;
				CLANG_ENABLE_OBJC_ARC = YES;
				CLANG_WARN_BOOL_CONVERSION = YES;
				CLANG_WARN_CONSTANT_CONVERSION = YES;
				CLANG_WARN_DIRECT_OBJC_ISA_USAGE = YES_ERROR;
				CLANG_WARN_EMPTY_BODY = YES;
				CLANG_WARN_ENUM_CONVERSION = YES;
				CLANG_WARN_INT_CONVERSION = YES;
				CLANG_WARN_OBJC_ROOT_CLASS = YES_ERROR;
				CLANG_WARN__DUPLICATE_METHOD_MATCH = YES;
				"CODE_SIGN_IDENTITY[sdk=iphoneos*]" = "iPhone Developer";
				COPY_PHASE_STRIP = YES;
				ENABLE_NS_ASSERTIONS = NO;
				GCC_C_LANGUAGE_STANDARD = gnu99;
				GCC_WARN_64_TO_32_BIT_CONVERSION = YES;
				GCC_WARN_ABOUT_RETURN_TYPE = YES_ERROR;
				GCC_WARN_UNDECLARED_SELECTOR = YES;
				GCC_WARN_UNINITIALIZED_AUTOS = YES_AGGRESSIVE;
				GCC_WARN_UNUSED_FUNCTION = YES;
				GCC_WARN_UNUSED_VARIABLE = YES;
				IPHONEOS_DEPLOYMENT_TARGET = 7.1;
				SDKROOT = iphoneos;
				VALIDATE_PRODUCT = YES;
			};
			name = Release;
		};
		931EAD79198EAF3000E03BC8 /* Debug */ = {
			isa = XCBuildConfiguration;
			buildSettings = {
				ASSETCATALOG_COMPILER_APPICON_NAME = AppIcon;
				ASSETCATALOG_COMPILER_LAUNCHIMAGE_NAME = LaunchImage;
				GCC_PRECOMPILE_PREFIX_HEADER = YES;
				GCC_PREFIX_HEADER = "DemoForCircleImageView/DemoForCircleImageView-Prefix.pch";
				INFOPLIST_FILE = "DemoForCircleImageView/DemoForCircleImageView-Info.plist";
				PRODUCT_NAME = "$(TARGET_NAME)";
				WRAPPER_EXTENSION = app;
			};
			name = Debug;
		};
		931EAD7A198EAF3000E03BC8 /* Release */ = {
			isa = XCBuildConfiguration;
			buildSettings = {
				ASSETCATALOG_COMPILER_APPICON_NAME = AppIcon;
				ASSETCATALOG_COMPILER_LAUNCHIMAGE_NAME = LaunchImage;
				GCC_PRECOMPILE_PREFIX_HEADER = YES;
				GCC_PREFIX_HEADER = "DemoForCircleImageView/DemoForCircleImageView-Prefix.pch";
				INFOPLIST_FILE = "DemoForCircleImageView/DemoForCircleImageView-Info.plist";
				PRODUCT_NAME = "$(TARGET_NAME)";
				WRAPPER_EXTENSION = app;
			};
			name = Release;
		};
		931EAD7C198EAF3000E03BC8 /* Debug */ = {
			isa = XCBuildConfiguration;
			buildSettings = {
				BUNDLE_LOADER = "$(BUILT_PRODUCTS_DIR)/DemoForCircleImageView.app/DemoForCircleImageView";
				FRAMEWORK_SEARCH_PATHS = (
					"$(SDKROOT)/Developer/Library/Frameworks",
					"$(inherited)",
					"$(DEVELOPER_FRAMEWORKS_DIR)",
				);
				GCC_PRECOMPILE_PREFIX_HEADER = YES;
				GCC_PREFIX_HEADER = "DemoForCircleImageView/DemoForCircleImageView-Prefix.pch";
				GCC_PREPROCESSOR_DEFINITIONS = (
					"DEBUG=1",
					"$(inherited)",
				);
				INFOPLIST_FILE = "DemoForCircleImageViewTests/DemoForCircleImageViewTests-Info.plist";
				PRODUCT_NAME = "$(TARGET_NAME)";
				TEST_HOST = "$(BUNDLE_LOADER)";
				WRAPPER_EXTENSION = xctest;
			};
			name = Debug;
		};
		931EAD7D198EAF3000E03BC8 /* Release */ = {
			isa = XCBuildConfiguration;
			buildSettings = {
				BUNDLE_LOADER = "$(BUILT_PRODUCTS_DIR)/DemoForCircleImageView.app/DemoForCircleImageView";
				FRAMEWORK_SEARCH_PATHS = (
					"$(SDKROOT)/Developer/Library/Frameworks",
					"$(inherited)",
					"$(DEVELOPER_FRAMEWORKS_DIR)",
				);
				GCC_PRECOMPILE_PREFIX_HEADER = YES;
				GCC_PREFIX_HEADER = "DemoForCircleImageView/DemoForCircleImageView-Prefix.pch";
				INFOPLIST_FILE = "DemoForCircleImageViewTests/DemoForCircleImageViewTests-Info.plist";
				PRODUCT_NAME = "$(TARGET_NAME)";
				TEST_HOST = "$(BUNDLE_LOADER)";
				WRAPPER_EXTENSION = xctest;
			};
			name = Release;
		};
/* End XCBuildConfiguration section */

/* Begin XCConfigurationList section */
		931EAD41198EAF3000E03BC8 /* Build configuration list for PBXProject "DemoForCircleImageView" */ = {
			isa = XCConfigurationList;
			buildConfigurations = (
				931EAD76198EAF3000E03BC8 /* Debug */,
				931EAD77198EAF3000E03BC8 /* Release */,
			);
			defaultConfigurationIsVisible = 0;
			defaultConfigurationName = Release;
		};
		931EAD78198EAF3000E03BC8 /* Build configuration list for PBXNativeTarget "DemoForCircleImageView" */ = {
			isa = XCConfigurationList;
			buildConfigurations = (
				931EAD79198EAF3000E03BC8 /* Debug */,
				931EAD7A198EAF3000E03BC8 /* Release */,
			);
			defaultConfigurationIsVisible = 0;
			defaultConfigurationName = Release;
		};
		931EAD7B198EAF3000E03BC8 /* Build configuration list for PBXNativeTarget "DemoForCircleImageViewTests" */ = {
			isa = XCConfigurationList;
			buildConfigurations = (
				931EAD7C198EAF3000E03BC8 /* Debug */,
				931EAD7D198EAF3000E03BC8 /* Release */,
			);
			defaultConfigurationIsVisible = 0;
			defaultConfigurationName = Release;
		};
/* End XCConfigurationList section */
	};
	rootObject = 931EAD3E198EAF3000E03BC8 /* Project object */;
}
